
Microsoft Visual Studio Solution File, Format Version 12.00
# Visual Studio 2017
Project("{FAE04EC0-301F-11D3-BF4B-00C04F79EFBC}") = "2D_Game_CarlosAnna", "2D_Game_CarlosAnna.csproj", "{9CAA7639-07E6-FFD0-80FD-7AF644495804}"
EndProject
Global
	GlobalSection(SolutionConfigurationPlatforms) = preSolution
		Debug|Any CPU = Debug|Any CPU
		Release|Any CPU = Release|Any CPU
	EndGlobalSection
	GlobalSection(ProjectConfigurationPlatforms) = postSolution
		{9CAA7639-07E6-FFD0-80FD-7AF644495804}.Debug|Any CPU.ActiveCfg = Debug|Any CPU
		{9CAA7639-07E6-FFD0-80FD-7AF644495804}.Debug|Any CPU.Build.0 = Debug|Any CPU
		{9CAA7639-07E6-FFD0-80FD-7AF644495804}.Release|Any CPU.ActiveCfg = Release|Any CPU
		{9CAA7639-07E6-FFD0-80FD-7AF644495804}.Release|Any CPU.Build.0 = Release|Any CPU
	EndGlobalSection
	GlobalSection(SolutionProperties) = preSolution
		HideSolutionNode = FALSE
	EndGlobalSection
EndGlobal
